
Microsoft Visual Studio Solution File, Format Version 12.00
# Visual Studio Version 17
VisualStudioVersion = 17.14.36717.8
MinimumVisualStudioVersion = 10.0.40219.1
Project("{FAE04EC0-301F-11D3-BF4B-00C04F79EFBC}") = "MyTool", "MyTool.csproj", "{E44C1A7C-CD3B-4AB3-8FA7-1F69729D3EBC}"
EndProject
Global
	GlobalSection(SolutionConfigurationPlatforms) = preSolution
		Debug|Any CPU = Debug|Any CPU
		Release|Any CPU = Release|Any CPU
	EndGlobalSection
	GlobalSection(ProjectConfigurationPlatforms) = postSolution
		{E44C1A7C-CD3B-4AB3-8FA7-1F69729D3EBC}.Debug|Any CPU.ActiveCfg = Debug|Any CPU
		{E44C1A7C-CD3B-4AB3-8FA7-1F69729D3EBC}.Debug|Any CPU.Build.0 = Debug|Any CPU
		{E44C1A7C-CD3B-4AB3-8FA7-1F69729D3EBC}.Release|Any CPU.ActiveCfg = Release|Any CPU
		{E44C1A7C-CD3B-4AB3-8FA7-1F69729D3EBC}.Release|Any CPU.Build.0 = Release|Any CPU
	EndGlobalSection
	GlobalSection(SolutionProperties) = preSolution
		HideSolutionNode = FALSE
	EndGlobalSection
	GlobalSection(ExtensibilityGlobals) = postSolution
		SolutionGuid = {332F28D1-5685-4C58-8EA3-B4BBD4553571}
	EndGlobalSection
EndGlobal
